
Microsoft Visual Studio Solution File, Format Version 12.00
# Visual Studio 15
VisualStudioVersion = 15.0.27703.2035
MinimumVisualStudioVersion = 10.0.40219.1
Project("{FAE04EC0-301F-11D3-BF4B-00C04F79EFBC}") = "ASPMVC-MSSQL-GRID-CRUD", "ASPMVC-MSSQL-GRID-CRUD\ASPMVC-MSSQL-GRID-CRUD.csproj", "{92A8EC93-2C87-4E32-8BA7-6361A9FB448D}"
EndProject
Global
	GlobalSection(SolutionConfigurationPlatforms) = preSolution
		Debug|Any CPU = Debug|Any CPU
		Release|Any CPU = Release|Any CPU
	EndGlobalSection
	GlobalSection(ProjectConfigurationPlatforms) = postSolution
		{92A8EC93-2C87-4E32-8BA7-6361A9FB448D}.Debug|Any CPU.ActiveCfg = Debug|Any CPU
		{92A8EC93-2C87-4E32-8BA7-6361A9FB448D}.Debug|Any CPU.Build.0 = Debug|Any CPU
		{92A8EC93-2C87-4E32-8BA7-6361A9FB448D}.Release|Any CPU.ActiveCfg = Release|Any CPU
		{92A8EC93-2C87-4E32-8BA7-6361A9FB448D}.Release|Any CPU.Build.0 = Release|Any CPU
	EndGlobalSection
	GlobalSection(SolutionProperties) = preSolution
		HideSolutionNode = FALSE
	EndGlobalSection
	GlobalSection(ExtensibilityGlobals) = postSolution
		SolutionGuid = {194A216D-721C-436B-AFF4-79E4F66B5E94}
	EndGlobalSection
EndGlobal
